
Microsoft Visual Studio Solution File, Format Version 12.00
# Visual Studio Version 17
VisualStudioVersion = 17.14.36301.6 d17.14
MinimumVisualStudioVersion = 10.0.40219.1
Project("{FAE04EC0-301F-11D3-BF4B-00C04F79EFBC}") = "casino", "casino.csproj", "{23DEF24C-9E28-42E0-8540-A94FE320A40D}"
EndProject
Global
	GlobalSection(SolutionConfigurationPlatforms) = preSolution
		Debug|Any CPU = Debug|Any CPU
		Release|Any CPU = Release|Any CPU
	EndGlobalSection
	GlobalSection(ProjectConfigurationPlatforms) = postSolution
		{23DEF24C-9E28-42E0-8540-A94FE320A40D}.Debug|Any CPU.ActiveCfg = Debug|Any CPU
		{23DEF24C-9E28-42E0-8540-A94FE320A40D}.Debug|Any CPU.Build.0 = Debug|Any CPU
		{23DEF24C-9E28-42E0-8540-A94FE320A40D}.Release|Any CPU.ActiveCfg = Release|Any CPU
		{23DEF24C-9E28-42E0-8540-A94FE320A40D}.Release|Any CPU.Build.0 = Release|Any CPU
	EndGlobalSection
	GlobalSection(SolutionProperties) = preSolution
		HideSolutionNode = FALSE
	EndGlobalSection
	GlobalSection(ExtensibilityGlobals) = postSolution
		SolutionGuid = {890DFDF5-84BF-40DF-914C-2651370DA756}
	EndGlobalSection
EndGlobal
